
Microsoft Visual Studio Solution File, Format Version 12.00
# Visual Studio Version 17
VisualStudioVersion = 17.2.32616.157
MinimumVisualStudioVersion = 10.0.40219.1
Project("{FAE04EC0-301F-11D3-BF4B-00C04F79EFBC}") = "assignment3", "assignment3\assignment3.csproj", "{ECA83092-2FC2-4247-91F8-5F0EEE4CAD9F}"
EndProject
Global
	GlobalSection(SolutionConfigurationPlatforms) = preSolution
		Debug|Any CPU = Debug|Any CPU
		Release|Any CPU = Release|Any CPU
	EndGlobalSection
	GlobalSection(ProjectConfigurationPlatforms) = postSolution
		{ECA83092-2FC2-4247-91F8-5F0EEE4CAD9F}.Debug|Any CPU.ActiveCfg = Debug|Any CPU
		{ECA83092-2FC2-4247-91F8-5F0EEE4CAD9F}.Debug|Any CPU.Build.0 = Debug|Any CPU
		{ECA83092-2FC2-4247-91F8-5F0EEE4CAD9F}.Release|Any CPU.ActiveCfg = Release|Any CPU
		{ECA83092-2FC2-4247-91F8-5F0EEE4CAD9F}.Release|Any CPU.Build.0 = Release|Any CPU
	EndGlobalSection
	GlobalSection(SolutionProperties) = preSolution
		HideSolutionNode = FALSE
	EndGlobalSection
	GlobalSection(ExtensibilityGlobals) = postSolution
		SolutionGuid = {5B872202-7464-410D-ACF2-D59BA2B11F98}
	EndGlobalSection
EndGlobal
